PODS:
  - BuildaUtils (0.3.2):
    - SwiftSafe
  - DVR (0.0.4-czechboy0)
  - Nimble (5.0.0)
  - SwiftSafe (0.1)

DEPENDENCIES:
  - BuildaUtils (from `https://github.com/Sajjon/BuildaUtils.git`)
  - DVR (from `https://github.com/czechboy0/DVR.git`, tag `v0.0.5-czechboy0`)
  - Nimble (~> 5.0)

EXTERNAL SOURCES:
  BuildaUtils:
    :git: https://github.com/Sajjon/BuildaUtils.git
  DVR:
    :git: https://github.com/czechboy0/DVR.git
    :tag: v0.0.5-czechboy0

CHECKOUT OPTIONS:
  BuildaUtils:
    :commit: cdebff88f5ddb2cb766aac6e6e900fa99f26acaa
    :git: https://github.com/Sajjon/BuildaUtils.git
  DVR:
    :git: https://github.com/czechboy0/DVR.git
    :tag: v0.0.5-czechboy0

SPEC CHECKSUMS:
  BuildaUtils: ffbd039360413858afe46ff4dc23bd8889ac3c7b
  DVR: 386f347071f55f3f9105239db6764483009ec875
  Nimble: 56fc9f5020effa2206de22c3dd910f4fb011b92f
  SwiftSafe: 77ffd12b02678790bec1ef56a2d14ec5036f1fd6

PODFILE CHECKSUM: c9508c10ca85e6444b2d92c9799810ea00c752e3

COCOAPODS: 1.0.1
